
Microsoft Visual Studio Solution File, Format Version 12.00
# Visual Studio Version 16
VisualStudioVersion = 16.0.29721.120
MinimumVisualStudioVersion = 10.0.40219.1
Project("{8BC9CEB8-8B4A-11D0-8D11-00A0C91BC942}") = "PerformanceLog", "PerformanceLog.vcxproj", "{A3940A20-C9D6-40EF-9404-94FF6229A44F}"
EndProject
Project("{8BC9CEB8-8B4A-11D0-8D11-00A0C91BC942}") = "UnitTests", "UnitTests\UnitTests.vcxproj", "{C51547DC-F774-4E04-AF3F-62223515E058}"
EndProject
Global
	GlobalSection(SolutionConfigurationPlatforms) = preSolution
		Debug|x64 = Debug|x64
		Debug|x86 = Debug|x86
		Release|x64 = Release|x64
		Release|x86 = Release|x86
	EndGlobalSection
	GlobalSection(ProjectConfigurationPlatforms) = postSolution
		{A3940A20-C9D6-40EF-9404-94FF6229A44F}.Debug|x64.ActiveCfg = Debug|x64
		{A3940A20-C9D6-40EF-9404-94FF6229A44F}.Debug|x64.Build.0 = Debug|x64
		{A3940A20-C9D6-40EF-9404-94FF6229A44F}.Debug|x86.ActiveCfg = Debug|Win32
		{A3940A20-C9D6-40EF-9404-94FF6229A44F}.Debug|x86.Build.0 = Debug|Win32
		{A3940A20-C9D6-40EF-9404-94FF6229A44F}.Release|x64.ActiveCfg = Release|x64
		{A3940A20-C9D6-40EF-9404-94FF6229A44F}.Release|x64.Build.0 = Release|x64
		{A3940A20-C9D6-40EF-9404-94FF6229A44F}.Release|x86.ActiveCfg = Release|Win32
		{A3940A20-C9D6-40EF-9404-94FF6229A44F}.Release|x86.Build.0 = Release|Win32
		{C51547DC-F774-4E04-AF3F-62223515E058}.Debug|x64.ActiveCfg = Debug|x64
		{C51547DC-F774-4E04-AF3F-62223515E058}.Debug|x64.Build.0 = Debug|x64
		{C51547DC-F774-4E04-AF3F-62223515E058}.Debug|x86.ActiveCfg = Debug|Win32
		{C51547DC-F774-4E04-AF3F-62223515E058}.Debug|x86.Build.0 = Debug|Win32
		{C51547DC-F774-4E04-AF3F-62223515E058}.Release|x64.ActiveCfg = Release|x64
		{C51547DC-F774-4E04-AF3F-62223515E058}.Release|x64.Build.0 = Release|x64
		{C51547DC-F774-4E04-AF3F-62223515E058}.Release|x86.ActiveCfg = Release|Win32
		{C51547DC-F774-4E04-AF3F-62223515E058}.Release|x86.Build.0 = Release|Win32
	EndGlobalSection
	GlobalSection(SolutionProperties) = preSolution
		HideSolutionNode = FALSE
	EndGlobalSection
	GlobalSection(ExtensibilityGlobals) = postSolution
		SolutionGuid = {20755F9D-54C4-432C-8C31-2B46B7A76B0B}
	EndGlobalSection
EndGlobal
